{
  "originHash" : "3e3a864d0a362431dca36f4c65d5ba9a3225b6d06c5bd950d18650cc57a00f62",
  "pins" : [
    {
      "identity" : "capacitor-swift-pm",
      "kind" : "remoteSourceControl",
      "location" : "https://github.com/ionic-team/capacitor-swift-pm.git",
      "state" : {
        "revision" : "4c7f346d16196e21fbe23d4a7a6fc7af62af6742",
        "version" : "8.5.3"
      }
    }
  ],
  "version" : 3
}
